Microsoft Visual Studio Solution File, Format Version 11.00
# Visual Studio 2008

Project("{EF456248-6346-C588-8ED2-E3EC4F7AB737}") = "Dominos", "Assembly-CSharp.csproj", "{43DF9501-4853-4C6B-9B53-D64A050ECAC6}"
EndProject
Global
	GlobalSection(SolutionConfigurationPlatforms) = preSolution
		Debug|Any CPU = Debug|Any CPU
		Release|Any CPU = Release|Any CPU
	EndGlobalSection
	GlobalSection(ProjectConfigurationPlatforms) = postSolution
		{43DF9501-4853-4C6B-9B53-D64A050ECAC6}.Debug|Any CPU.ActiveCfg = Debug|Any CPU
		{43DF9501-4853-4C6B-9B53-D64A050ECAC6}.Debug|Any CPU.Build.0 = Debug|Any CPU
		{43DF9501-4853-4C6B-9B53-D64A050ECAC6}.Release|Any CPU.ActiveCfg = Release|Any CPU
		{43DF9501-4853-4C6B-9B53-D64A050ECAC6}.Release|Any CPU.Build.0 = Release|Any CPU
	EndGlobalSection
	GlobalSection(SolutionProperties) = preSolution
		HideSolutionNode = FALSE
	EndGlobalSection
	GlobalSection(MonoDevelopProperties) = preSolution
		StartupItem = Assembly-CSharp.csproj
	EndGlobalSection
EndGlobal
